
Microsoft Visual Studio Solution File, Format Version 12.00
# Visual Studio Version 17
VisualStudioVersion = 17.0.31903.59
MinimumVisualStudioVersion = 10.0.40219.1
Project("{FAE04EC0-301F-11D3-BF4B-00C04F79EFBC}") = "Presentation", "Presentation\Presentation.csproj", "{627CD6E8-0D09-45B9-9041-CB80B9FE781A}"
EndProject
Project("{FAE04EC0-301F-11D3-BF4B-00C04F79EFBC}") = "Infrastructure", "Infrastructure\Infrastructure.csproj", "{1C77B4CE-E978-4049-907F-6E7F8B5C478F}"
EndProject
Project("{FAE04EC0-301F-11D3-BF4B-00C04F79EFBC}") = "Application", "Application\Application.csproj", "{3AB7F9F1-6276-4823-93AA-650D0F235ABD}"
EndProject
Project("{FAE04EC0-301F-11D3-BF4B-00C04F79EFBC}") = "Domain", "Domain\Domain.csproj", "{811BF89D-F89F-4C4D-865B-A226CA073B22}"
EndProject
Global
	GlobalSection(SolutionConfigurationPlatforms) = preSolution
		Debug|Any CPU = Debug|Any CPU
		Debug|x64 = Debug|x64
		Debug|x86 = Debug|x86
		Release|Any CPU = Release|Any CPU
		Release|x64 = Release|x64
		Release|x86 = Release|x86
	EndGlobalSection
	GlobalSection(ProjectConfigurationPlatforms) = postSolution
		{627CD6E8-0D09-45B9-9041-CB80B9FE781A}.Debug|Any CPU.ActiveCfg = Debug|Any CPU
		{627CD6E8-0D09-45B9-9041-CB80B9FE781A}.Debug|Any CPU.Build.0 = Debug|Any CPU
		{627CD6E8-0D09-45B9-9041-CB80B9FE781A}.Debug|x64.ActiveCfg = Debug|Any CPU
		{627CD6E8-0D09-45B9-9041-CB80B9FE781A}.Debug|x64.Build.0 = Debug|Any CPU
		{627CD6E8-0D09-45B9-9041-CB80B9FE781A}.Debug|x86.ActiveCfg = Debug|Any CPU
		{627CD6E8-0D09-45B9-9041-CB80B9FE781A}.Debug|x86.Build.0 = Debug|Any CPU
		{627CD6E8-0D09-45B9-9041-CB80B9FE781A}.Release|Any CPU.ActiveCfg = Release|Any CPU
		{627CD6E8-0D09-45B9-9041-CB80B9FE781A}.Release|Any CPU.Build.0 = Release|Any CPU
		{627CD6E8-0D09-45B9-9041-CB80B9FE781A}.Release|x64.ActiveCfg = Release|Any CPU
		{627CD6E8-0D09-45B9-9041-CB80B9FE781A}.Release|x64.Build.0 = Release|Any CPU
		{627CD6E8-0D09-45B9-9041-CB80B9FE781A}.Release|x86.ActiveCfg = Release|Any CPU
		{627CD6E8-0D09-45B9-9041-CB80B9FE781A}.Release|x86.Build.0 = Release|Any CPU
		{1C77B4CE-E978-4049-907F-6E7F8B5C478F}.Debug|Any CPU.ActiveCfg = Debug|Any CPU
		{1C77B4CE-E978-4049-907F-6E7F8B5C478F}.Debug|Any CPU.Build.0 = Debug|Any CPU
		{1C77B4CE-E978-4049-907F-6E7F8B5C478F}.Debug|x64.ActiveCfg = Debug|Any CPU
		{1C77B4CE-E978-4049-907F-6E7F8B5C478F}.Debug|x64.Build.0 = Debug|Any CPU
		{1C77B4CE-E978-4049-907F-6E7F8B5C478F}.Debug|x86.ActiveCfg = Debug|Any CPU
		{1C77B4CE-E978-4049-907F-6E7F8B5C478F}.Debug|x86.Build.0 = Debug|Any CPU
		{1C77B4CE-E978-4049-907F-6E7F8B5C478F}.Release|Any CPU.ActiveCfg = Release|Any CPU
		{1C77B4CE-E978-4049-907F-6E7F8B5C478F}.Release|Any CPU.Build.0 = Release|Any CPU
		{1C77B4CE-E978-4049-907F-6E7F8B5C478F}.Release|x64.ActiveCfg = Release|Any CPU
		{1C77B4CE-E978-4049-907F-6E7F8B5C478F}.Release|x64.Build.0 = Release|Any CPU
		{1C77B4CE-E978-4049-907F-6E7F8B5C478F}.Release|x86.ActiveCfg = Release|Any CPU
		{1C77B4CE-E978-4049-907F-6E7F8B5C478F}.Release|x86.Build.0 = Release|Any CPU
		{3AB7F9F1-6276-4823-93AA-650D0F235ABD}.Debug|Any CPU.ActiveCfg = Debug|Any CPU
		{3AB7F9F1-6276-4823-93AA-650D0F235ABD}.Debug|Any CPU.Build.0 = Debug|Any CPU
		{3AB7F9F1-6276-4823-93AA-650D0F235ABD}.Debug|x64.ActiveCfg = Debug|Any CPU
		{3AB7F9F1-6276-4823-93AA-650D0F235ABD}.Debug|x64.Build.0 = Debug|Any CPU
		{3AB7F9F1-6276-4823-93AA-650D0F235ABD}.Debug|x86.ActiveCfg = Debug|Any CPU
		{3AB7F9F1-6276-4823-93AA-650D0F235ABD}.Debug|x86.Build.0 = Debug|Any CPU
		{3AB7F9F1-6276-4823-93AA-650D0F235ABD}.Release|Any CPU.ActiveCfg = Release|Any CPU
		{3AB7F9F1-6276-4823-93AA-650D0F235ABD}.Release|Any CPU.Build.0 = Release|Any CPU
		{3AB7F9F1-6276-4823-93AA-650D0F235ABD}.Release|x64.ActiveCfg = Release|Any CPU
		{3AB7F9F1-6276-4823-93AA-650D0F235ABD}.Release|x64.Build.0 = Release|Any CPU
		{3AB7F9F1-6276-4823-93AA-650D0F235ABD}.Release|x86.ActiveCfg = Release|Any CPU
		{3AB7F9F1-6276-4823-93AA-650D0F235ABD}.Release|x86.Build.0 = Release|Any CPU
		{811BF89D-F89F-4C4D-865B-A226CA073B22}.Debug|Any CPU.ActiveCfg = Debug|Any CPU
		{811BF89D-F89F-4C4D-865B-A226CA073B22}.Debug|Any CPU.Build.0 = Debug|Any CPU
		{811BF89D-F89F-4C4D-865B-A226CA073B22}.Debug|x64.ActiveCfg = Debug|Any CPU
		{811BF89D-F89F-4C4D-865B-A226CA073B22}.Debug|x64.Build.0 = Debug|Any CPU
		{811BF89D-F89F-4C4D-865B-A226CA073B22}.Debug|x86.ActiveCfg = Debug|Any CPU
		{811BF89D-F89F-4C4D-865B-A226CA073B22}.Debug|x86.Build.0 = Debug|Any CPU
		{811BF89D-F89F-4C4D-865B-A226CA073B22}.Release|Any CPU.ActiveCfg = Release|Any CPU
		{811BF89D-F89F-4C4D-865B-A226CA073B22}.Release|Any CPU.Build.0 = Release|Any CPU
		{811BF89D-F89F-4C4D-865B-A226CA073B22}.Release|x64.ActiveCfg = Release|Any CPU
		{811BF89D-F89F-4C4D-865B-A226CA073B22}.Release|x64.Build.0 = Release|Any CPU
		{811BF89D-F89F-4C4D-865B-A226CA073B22}.Release|x86.ActiveCfg = Release|Any CPU
		{811BF89D-F89F-4C4D-865B-A226CA073B22}.Release|x86.Build.0 = Release|Any CPU
	EndGlobalSection
	GlobalSection(SolutionProperties) = preSolution
		HideSolutionNode = FALSE
	EndGlobalSection
EndGlobal
